# THIS IS AN AUTOGENERATED FILE. DO NOT EDIT THIS FILE DIRECTLY.
# yarn lockfile v1


"@esbuild/android-arm64@0.16.14":
  version "0.16.14"
  resolved "https://registry.yarnpkg.com/@esbuild/android-arm64/-/android-arm64-0.16.14.tgz#f02c9f0d43086ddf6ed2795b881ddf7990f74456"
  integrity sha512-hTqB6Iq13pW4xaydeqQrs8vPntUnMjbkq+PgGiBMi69eYk74naG2ftHWqKnxn874kNrt5Or3rQ0PJutx2doJuQ==

"@esbuild/android-arm@0.16.14":
  version "0.16.14"
  resolved "https://registry.yarnpkg.com/@esbuild/android-arm/-/android-arm-0.16.14.tgz#24e4faf569d0d6bbf9ed46f6ed395d68eb7f04fc"
  integrity sha512-u0rITLxFIeYAvtJXBQNhNuV4YZe+MD1YvIWT7Nicj8hZAtRVZk2PgNH6KclcKDVHz1ChLKXRfX7d7tkbQBUfrg==

"@esbuild/android-x64@0.16.14":
  version "0.16.14"
  resolved "https://registry.yarnpkg.com/@esbuild/android-x64/-/android-x64-0.16.14.tgz#1173e706cf57c0d4dbf069d18e5d50ae6a5b0871"
  integrity sha512-jir51K4J0K5Rt0KOcippjSNdOl7akKDVz5I6yrqdk4/m9y+rldGptQUF7qU4YpX8U61LtR+w2Tu2Ph+K/UaJOw==

"@esbuild/darwin-arm64@0.16.14":
  version "0.16.14"
  resolved "https://registry.yarnpkg.com/@esbuild/darwin-arm64/-/darwin-arm64-0.16.14.tgz#67f05693c5b097bcb4ff656ba5839459f30f79c2"
  integrity sha512-vrlaP81IuwPaw1fyX8fHCmivP3Gr73ojVEZy+oWJLAiZVcG8o8Phwun/XDnYIFUHxIoUnMFEpg9o38MIvlw8zw==

"@esbuild/darwin-x64@0.16.14":
  version "0.16.14"
  resolved "https://registry.yarnpkg.com/@esbuild/darwin-x64/-/darwin-x64-0.16.14.tgz#519c9d127c5363d4a1e73b9d954460f798b41d2a"
  integrity sha512-KV1E01eC2hGYA2qzFDRCK4wdZCRUvMwCNcobgpiiOzp5QXpJBqFPdxI69j8vvzuU7oxFXDgANwEkXvpeQqyOyg==

"@esbuild/freebsd-arm64@0.16.14":
  version "0.16.14"
  resolved "https://registry.yarnpkg.com/@esbuild/freebsd-arm64/-/freebsd-arm64-0.16.14.tgz#2e3f5de2951a8ec732a3e4ec4f5d47a7c9626001"
  integrity sha512-xRM1RQsazSvL42BNa5XC7ytD4ZDp0ZyJcH7aB0SlYUcHexJUKiDNKR7dlRVlpt6W0DvoRPU2nWK/9/QWS4u2fw==

"@esbuild/freebsd-x64@0.16.14":
  version "0.16.14"
  resolved "https://registry.yarnpkg.com/@esbuild/freebsd-x64/-/freebsd-x64-0.16.14.tgz#d3cf84ff28357ac8d0123309bac37fcfcdd98f53"
  integrity sha512-7ALTAn6YRRf1O6fw9jmn0rWmOx3XfwDo7njGtjy1LXhDGUjTY/vohEPM3ii5MQ411vJv1r498EEx2aBQTJcrEw==

"@esbuild/linux-arm64@0.16.14":
  version "0.16.14"
  resolved "https://registry.yarnpkg.com/@esbuild/linux-arm64/-/linux-arm64-0.16.14.tgz#f44b0e3d5d470cd763a9bc4855a12b8cb73d6c12"
  integrity sha512-TLh2OcbBUQcMYRH4GbiDkDZfZ4t1A3GgmeXY27dHSI6xrU7IkO00MGBiJySmEV6sH3Wa6pAN6UtaVL0DwkGW4Q==

"@esbuild/linux-arm@0.16.14":
  version "0.16.14"
  resolved "https://registry.yarnpkg.com/@esbuild/linux-arm/-/linux-arm-0.16.14.tgz#b239eb7e6cb7df9c34c6b08f4adf113da47e0e09"
  integrity sha512-X6xULug66ulrr4IzrW7qq+eq9n4MtEyagdWvj4o4cmWr+JXOT47atjpDF9j5M2zHY0UQBmqnHhwl+tXpkpIb2w==

"@esbuild/linux-ia32@0.16.14":
  version "0.16.14"
  resolved "https://registry.yarnpkg.com/@esbuild/linux-ia32/-/linux-ia32-0.16.14.tgz#f5f7886027cd61bed59178e981a0ef47ca5b72ef"
  integrity sha512-oBZkcZ56UZDFCAfE3Fd/Jgy10EoS7Td77NzNGenM+HSY8BkdQAcI9VF9qgwdOLZ+tuftWD7UqZ26SAhtvA3XhA==

"@esbuild/linux-loong64@0.16.14":
  version "0.16.14"
  resolved "https://registry.yarnpkg.com/@esbuild/linux-loong64/-/linux-loong64-0.16.14.tgz#d2329371726f9778156c89ea0bed26fc1bc3cd7e"
  integrity sha512-udz/aEHTcuHP+xdWOJmZ5C9RQXHfZd/EhCnTi1Hfay37zH3lBxn/fNs85LA9HlsniFw2zccgcbrrTMKk7Cn1Qg==

"@esbuild/linux-mips64el@0.16.14":
  version "0.16.14"
  resolved "https://registry.yarnpkg.com/@esbuild/linux-mips64el/-/linux-mips64el-0.16.14.tgz#8af86bdc6ee937c8a2803b3c197b28824f48df8e"
  integrity sha512-kJ2iEnikUOdC1SiTGbH0fJUgpZwa0ITDTvj9EHf9lm3I0hZ4Yugsb3M6XSl696jVxrEocLe519/8CbSpQWFSrg==

"@esbuild/linux-ppc64@0.16.14":
  version "0.16.14"
  resolved "https://registry.yarnpkg.com/@esbuild/linux-ppc64/-/linux-ppc64-0.16.14.tgz#3fa3f8c6c9db3127f2ec5b2eba1cec67ff9a9b8e"
  integrity sha512-kclKxvZvX5YhykwlJ/K9ljiY4THe5vXubXpWmr7q3Zu3WxKnUe1VOZmhkEZlqtnJx31GHPEV4SIG95IqTdfgfg==

"@esbuild/linux-riscv64@0.16.14":
  version "0.16.14"
  resolved "https://registry.yarnpkg.com/@esbuild/linux-riscv64/-/linux-riscv64-0.16.14.tgz#1bd1b631de2533106a08876295bad3a19b20f629"
  integrity sha512-fdwP9Dc+Kx/cZwp9T9kNqjAE/PQjfrxbio4rZ3XnC3cVvZBjuxpkiyu/tuCwt6SbAK5th6AYNjFdEV9kGC020A==

"@esbuild/linux-s390x@0.16.14":
  version "0.16.14"
  resolved "https://registry.yarnpkg.com/@esbuild/linux-s390x/-/linux-s390x-0.16.14.tgz#c87440b6522b9a36a9cafd05b0f1ca3c5bad4cca"
  integrity sha512-++fw3P4fQk9nqvdzbANRqimKspL8pDCnSpXomyhV7V/ISha/BZIYvZwLBWVKp9CVWKwWPJ4ktsezuLIvlJRHqA==

"@esbuild/linux-x64@0.16.14":
  version "0.16.14"
  resolved "https://registry.yarnpkg.com/@esbuild/linux-x64/-/linux-x64-0.16.14.tgz#49cd974dad6042ac0141ba332df6307c44e77fed"
  integrity sha512-TomtswAuzBf2NnddlrS4W01Tv85RM9YtATB3OugY6On0PLM4Ksz5qvQKVAjtzPKoLgL1FiZtfc8mkZc4IgoMEA==

"@esbuild/netbsd-x64@0.16.14":
  version "0.16.14"
  resolved "https://registry.yarnpkg.com/@esbuild/netbsd-x64/-/netbsd-x64-0.16.14.tgz#53dcfb5131376feff0911adff7f01b4821706cf6"
  integrity sha512-U06pfx8P5CqyoPNfqIJmnf+5/r4mJ1S62G4zE6eOjS59naQcxi6GnscUCPH3b+hRG0qdKoGX49RAyiqW+M9aSw==

"@esbuild/openbsd-x64@0.16.14":
  version "0.16.14"
  resolved "https://registry.yarnpkg.com/@esbuild/openbsd-x64/-/openbsd-x64-0.16.14.tgz#f36888f73087bcd12c5bf9a4b18e348da9c80ad0"
  integrity sha512-/Jl8XVaWEZNu9rZw+n792GIBupQwHo6GDoapHSb/2xp/Ku28eK6QpR2O9cPBkzHH4OOoMH0LB6zg/qczJ5TTGg==

"@esbuild/sunos-x64@0.16.14":
  version "0.16.14"
  resolved "https://registry.yarnpkg.com/@esbuild/sunos-x64/-/sunos-x64-0.16.14.tgz#41e046bb0849ae59702a5cfa8be300431a61ee3a"
  integrity sha512-2iI7D34uTbDn/TaSiUbEHz+fUa8KbN90vX5yYqo12QGpu6T8Jl+kxODsWuMCwoTVlqUpwfPV22nBbFPME9OPtw==

"@esbuild/win32-arm64@0.16.14":
  version "0.16.14"
  resolved "https://registry.yarnpkg.com/@esbuild/win32-arm64/-/win32-arm64-0.16.14.tgz#d6ed78742a6edd413e75796882ddaef8c1e23b93"
  integrity sha512-SjlM7AHmQVTiGBJE/nqauY1aDh80UBsXZ94g4g60CDkrDMseatiqALVcIuElg4ZSYzJs8hsg5W6zS2zLpZTVgg==

"@esbuild/win32-ia32@0.16.14":
  version "0.16.14"
  resolved "https://registry.yarnpkg.com/@esbuild/win32-ia32/-/win32-ia32-0.16.14.tgz#558bd53859a83fe887d7d2dcdc6cb3fc9aa9a9bc"
  integrity sha512-z06t5zqk8ak0Xom5HG81z2iOQ1hNWYsFQp3sczVLVx+dctWdgl80tNRyTbwjaFfui2vFO12dfE3trCTvA+HO4g==

"@esbuild/win32-x64@0.16.14":
  version "0.16.14"
  resolved "https://registry.yarnpkg.com/@esbuild/win32-x64/-/win32-x64-0.16.14.tgz#90558dcb279989d92a42e5be4dfb884b2399361f"
  integrity sha512-ED1UpWcM6lAbalbbQ9TrGqJh4Y9TaASUvu8bI/0mgJcxhSByJ6rbpgqRhxYMaQ682WfA71nxUreaTO7L275zrw==

"@remix-run/router@1.2.1":
  version "1.2.1"
  resolved "https://registry.yarnpkg.com/@remix-run/router/-/router-1.2.1.tgz#812edd4104a15a493dda1ccac0b352270d7a188c"
  integrity sha512-XiY0IsyHR+DXYS5vBxpoBe/8veTeoRpMHP+vDosLZxL5bnpetzI0igkxkLZS235ldLzyfkxF+2divEwWHP3vMQ==

"@types/bcryptjs@^2.4.2":
  version "2.4.2"
  resolved "https://registry.yarnpkg.com/@types/bcryptjs/-/bcryptjs-2.4.2.tgz#e3530eac9dd136bfdfb0e43df2c4c5ce1f77dfae"
  integrity sha512-LiMQ6EOPob/4yUL66SZzu6Yh77cbzJFYll+ZfaPiPPFswtIlA/Fs1MzdKYA7JApHU49zQTbJGX3PDmCpIdDBRQ==

"@types/history@^4.7.11":
  version "4.7.11"
  resolved "https://registry.yarnpkg.com/@types/history/-/history-4.7.11.tgz#56588b17ae8f50c53983a524fc3cc47437969d64"
  integrity sha512-qjDJRrmvBMiTx+jyLxvLfJU7UznFuokDv4f3WRuriHKERccVpFU+8XMQUAbDzoiJCsmexxRExQeMwwCdamSKDA==

"@types/prop-types@*":
  version "15.7.5"
  resolved "https://registry.yarnpkg.com/@types/prop-types/-/prop-types-15.7.5.tgz#5f19d2b85a98e9558036f6a3cacc8819420f05cf"
  integrity sha512-JCB8C6SnDoQf0cNycqd/35A7MjcnK+ZTqE7judS6o7utxUCg6imJg3QK2qzHKszlTjcj2cn+NwMB2i96ubpj7w==

"@types/react-dom@^18.0.10":
  version "18.0.10"
  resolved "https://registry.yarnpkg.com/@types/react-dom/-/react-dom-18.0.10.tgz#3b66dec56aa0f16a6cc26da9e9ca96c35c0b4352"
  integrity sha512-E42GW/JA4Qv15wQdqJq8DL4JhNpB3prJgjgapN3qJT9K2zO5IIAQh4VXvCEDupoqAwnz0cY4RlXeC/ajX5SFHg==
  dependencies:
    "@types/react" "*"

"@types/react-router-dom@^5.3.3":
  version "5.3.3"
  resolved "https://registry.yarnpkg.com/@types/react-router-dom/-/react-router-dom-5.3.3.tgz#e9d6b4a66fcdbd651a5f106c2656a30088cc1e83"
  integrity sha512-kpqnYK4wcdm5UaWI3fLcELopqLrHgLqNsdpHauzlQktfkHL3npOSwtj1Uz9oKBAzs7lFtVkV8j83voAz2D8fhw==
  dependencies:
    "@types/history" "^4.7.11"
    "@types/react" "*"
    "@types/react-router" "*"

"@types/react-router@*":
  version "5.1.20"
  resolved "https://registry.yarnpkg.com/@types/react-router/-/react-router-5.1.20.tgz#88eccaa122a82405ef3efbcaaa5dcdd9f021387c"
  integrity sha512-jGjmu/ZqS7FjSH6owMcD5qpq19+1RS9DeVRqfl1FeBMxTDQAGwlMWOcs52NDoXaNKyG3d1cYQFMs9rCrb88o9Q==
  dependencies:
    "@types/history" "^4.7.11"
    "@types/react" "*"

"@types/react@*", "@types/react@^18.0.26":
  version "18.0.26"
  resolved "https://registry.yarnpkg.com/@types/react/-/react-18.0.26.tgz#8ad59fc01fef8eaf5c74f4ea392621749f0b7917"
  integrity sha512-hCR3PJQsAIXyxhTNSiDFY//LhnMZWpNNr5etoCqx/iUfGc5gXWtQR2Phl908jVR6uPXacojQWTg4qRpkxTuGug==
  dependencies:
    "@types/prop-types" "*"
    "@types/scheduler" "*"
    csstype "^3.0.2"

"@types/scheduler@*":
  version "0.16.2"
  resolved "https://registry.yarnpkg.com/@types/scheduler/-/scheduler-0.16.2.tgz#1a62f89525723dde24ba1b01b092bf5df8ad4d39"
  integrity sha512-hppQEBDmlwhFAXKJX2KnWLYu5yMfi91yazPb2l+lbJiwW+wdo1gNeRA+3RgNSO39WYX2euey41KEwnqesU2Jew==

ansi-styles@^4.1.0:
  version "4.3.0"
  resolved "https://registry.yarnpkg.com/ansi-styles/-/ansi-styles-4.3.0.tgz#edd803628ae71c04c85ae7a0906edad34b648937"
  integrity sha512-zbB9rCJAT1rbjiVDb2hqKFHNYLxgtk8NURxZ3IZwD3F6NtxbXZQCnnSi1Lkx+IDohdPlFp222wVALIheZJQSEg==
  dependencies:
    color-convert "^2.0.1"

async@^2.6.4:
  version "2.6.4"
  resolved "https://registry.yarnpkg.com/async/-/async-2.6.4.tgz#706b7ff6084664cd7eae713f6f965433b5504221"
  integrity sha512-mzo5dfJYwAn29PeiJ0zvwTo04zj8HDJj0Mn8TD7sno7q12prdbnasKJHhkm2c1LgrhlJ0teaea8860oxi51mGA==
  dependencies:
    lodash "^4.17.14"

basic-auth@^2.0.1:
  version "2.0.1"
  resolved "https://registry.yarnpkg.com/basic-auth/-/basic-auth-2.0.1.tgz#b998279bf47ce38344b4f3cf916d4679bbf51e3a"
  integrity sha512-NF+epuEdnUYVlGuhaxbbq+dvJttwLnGY+YixlXlME5KpQ5W3CnXA5cVTneY3SPbPDRkcjMbifrwmFYcClgOZeg==
  dependencies:
    safe-buffer "5.1.2"

bcryptjs@^2.4.3:
  version "2.4.3"
  resolved "https://registry.yarnpkg.com/bcryptjs/-/bcryptjs-2.4.3.tgz#9ab5627b93e60621ff7cdac5da9733027df1d0cb"
  integrity sha512-V/Hy/X9Vt7f3BbPJEi8BdVFMByHi+jNXrYkW3huaybV/kQ0KJg0Y6PkEMbn+zeT+i+SiKZ/HMqJGIIt4LZDqNQ==

call-bind@^1.0.0:
  version "1.0.2"
  resolved "https://registry.yarnpkg.com/call-bind/-/call-bind-1.0.2.tgz#b1d4e89e688119c3c9a903ad30abb2f6a919be3c"
  integrity sha512-7O+FbCihrB5WGbFYesctwmTKae6rOiIzmz1icreWJ+0aA7LJfuqhEso2T9ncpcFtzMQtzXf2QGGueWJGTYsqrA==
  dependencies:
    function-bind "^1.1.1"
    get-intrinsic "^1.0.2"

chalk@^4.1.2:
  version "4.1.2"
  resolved "https://registry.yarnpkg.com/chalk/-/chalk-4.1.2.tgz#aac4e2b7734a740867aeb16bf02aad556a1e7a01"
  integrity sha512-oKnbhFyRIXpUuez8iBMmyEa4nbj4IOQyuhc/wy9kY7/WVPcwIO9VA668Pu8RkO7+0G76SLROeyw9CpQ061i4mA==
  dependencies:
    ansi-styles "^4.1.0"
    supports-color "^7.1.0"

color-convert@^2.0.1:
  version "2.0.1"
  resolved "https://registry.yarnpkg.com/color-convert/-/color-convert-2.0.1.tgz#72d3a68d598c9bdb3af2ad1e84f21d896abd4de3"
  integrity sha512-RRECPsj7iu/xb5oKYcsFHSppFNnsj/52OVTRKb4zP5onXwVF3zVmmToNcOfGC+CRDpfK/U584fMg38ZHCaElKQ==
  dependencies:
    color-name "~1.1.4"

color-name@~1.1.4:
  version "1.1.4"
  resolved "https://registry.yarnpkg.com/color-name/-/color-name-1.1.4.tgz#c2a09a87acbde69543de6f63fa3995c826c536a2"
  integrity sha512-dOy+3AuW3a2wNbZHIuMZpTcgjGuLU/uBL/ubcZF9OXbDo8ff4O8yVp5Bf0efS8uEoYo5q4Fx7dY9OgQGXgAsQA==

corser@^2.0.1:
  version "2.0.1"
  resolved "https://registry.yarnpkg.com/corser/-/corser-2.0.1.tgz#8eda252ecaab5840dcd975ceb90d9370c819ff87"
  integrity sha512-utCYNzRSQIZNPIcGZdQc92UVJYAhtGAteCFg0yRaFm8f0P+CPtyGyHXJcGXnffjCybUCEx3FQ2G7U3/o9eIkVQ==

csstype@^3.0.2:
  version "3.1.1"
  resolved "https://registry.yarnpkg.com/csstype/-/csstype-3.1.1.tgz#841b532c45c758ee546a11d5bd7b7b473c8c30b9"
  integrity sha512-DJR/VvkAvSZW9bTouZue2sSxDwdTN92uHjqeKVm+0dAqdfNykRzQ95tay8aXMBAAPpUiq4Qcug2L7neoRh2Egw==

debug@^3.2.7:
  version "3.2.7"
  resolved "https://registry.yarnpkg.com/debug/-/debug-3.2.7.tgz#72580b7e9145fb39b6676f9c5e5fb100b934179a"
  integrity sha512-CFjzYYAi4ThfiQvizrFQevTTXHtnCqWfe7x1AhgEscTz6ZbLbfoLRLPugTQyBth6f8ZERVUSyWHFD/7Wu4t1XQ==
  dependencies:
    ms "^2.1.1"

email-validator@^2.0.4:
  version "2.0.4"
  resolved "https://registry.yarnpkg.com/email-validator/-/email-validator-2.0.4.tgz#b8dfaa5d0dae28f1b03c95881d904d4e40bfe7ed"
  integrity sha512-gYCwo7kh5S3IDyZPLZf6hSS0MnZT8QmJFqYvbqlDZSbwdZlY6QZWxJ4i/6UhITOJ4XzyI647Bm2MXKCLqnJ4nQ==

esbuild@^0.16.14:
  version "0.16.14"
  resolved "https://registry.yarnpkg.com/esbuild/-/esbuild-0.16.14.tgz#366249a0a0fd431d3ab706195721ef1014198919"
  integrity sha512-6xAn3O6ZZyoxZAEkwfI9hw4cEqSr/o1ViJtnkvImVkblmUN65Md04o0S/7H1WNu1XGf1Cjij/on7VO4psIYjkw==
  optionalDependencies:
    "@esbuild/android-arm" "0.16.14"
    "@esbuild/android-arm64" "0.16.14"
    "@esbuild/android-x64" "0.16.14"
    "@esbuild/darwin-arm64" "0.16.14"
    "@esbuild/darwin-x64" "0.16.14"
    "@esbuild/freebsd-arm64" "0.16.14"
    "@esbuild/freebsd-x64" "0.16.14"
    "@esbuild/linux-arm" "0.16.14"
    "@esbuild/linux-arm64" "0.16.14"
    "@esbuild/linux-ia32" "0.16.14"
    "@esbuild/linux-loong64" "0.16.14"
    "@esbuild/linux-mips64el" "0.16.14"
    "@esbuild/linux-ppc64" "0.16.14"
    "@esbuild/linux-riscv64" "0.16.14"
    "@esbuild/linux-s390x" "0.16.14"
    "@esbuild/linux-x64" "0.16.14"
    "@esbuild/netbsd-x64" "0.16.14"
    "@esbuild/openbsd-x64" "0.16.14"
    "@esbuild/sunos-x64" "0.16.14"
    "@esbuild/win32-arm64" "0.16.14"
    "@esbuild/win32-ia32" "0.16.14"
    "@esbuild/win32-x64" "0.16.14"

eventemitter3@^4.0.0:
  version "4.0.7"
  resolved "https://registry.yarnpkg.com/eventemitter3/-/eventemitter3-4.0.7.tgz#2de9b68f6528d5644ef5c59526a1b4a07306169f"
  integrity sha512-8guHBZCwKnFhYdHr2ysuRWErTwhoN2X8XELRlrRwpmfeY2jjuUN4taQMsULKUVo1K4DvZl+0pgfyoysHxvmvEw==

follow-redirects@^1.0.0:
  version "1.15.2"
  resolved "https://registry.yarnpkg.com/follow-redirects/-/follow-redirects-1.15.2.tgz#b460864144ba63f2681096f274c4e57026da2c13"
  integrity sha512-VQLG33o04KaQ8uYi2tVNbdrWp1QWxNNea+nmIB4EVM28v0hmP17z7aG1+wAkNzVq4KeXTq3221ye5qTJP91JwA==

function-bind@^1.1.1:
  version "1.1.1"
  resolved "https://registry.yarnpkg.com/function-bind/-/function-bind-1.1.1.tgz#a56899d3ea3c9bab874bb9773b7c5ede92f4895d"
  integrity sha512-yIovAzMX49sF8Yl58fSCWJ5svSLuaibPxXQJFLmBObTuCr0Mf1KiPopGM9NiFjiYBCbfaa2Fh6breQ6ANVTI0A==

get-intrinsic@^1.0.2:
  version "1.1.3"
  resolved "https://registry.yarnpkg.com/get-intrinsic/-/get-intrinsic-1.1.3.tgz#063c84329ad93e83893c7f4f243ef63ffa351385"
  integrity sha512-QJVz1Tj7MS099PevUG5jvnt9tSkXN8K14dxQlikJuPt4uD9hHAHjLyLBiLR5zELelBdD9QNRAXZzsJx0WaDL9A==
  dependencies:
    function-bind "^1.1.1"
    has "^1.0.3"
    has-symbols "^1.0.3"

has-flag@^4.0.0:
  version "4.0.0"
  resolved "https://registry.yarnpkg.com/has-flag/-/has-flag-4.0.0.tgz#944771fd9c81c81265c4d6941860da06bb59479b"
  integrity sha512-EykJT/Q1KjTWctppgIAgfSO0tKVuZUjhgMr17kqTumMl6Afv3EISleU7qZUzoXDFTAHTDC4NOoG/ZxU3EvlMPQ==

has-symbols@^1.0.3:
  version "1.0.3"
  resolved "https://registry.yarnpkg.com/has-symbols/-/has-symbols-1.0.3.tgz#bb7b2c4349251dce87b125f7bdf874aa7c8b39f8"
  integrity sha512-l3LCuF6MgDNwTDKkdYGEihYjt5pRPbEg46rtlmnSPlUbgmB8LOIrKJbYYFBSbnPaJexMKtiPO8hmeRjRz2Td+A==

has@^1.0.3:
  version "1.0.3"
  resolved "https://registry.yarnpkg.com/has/-/has-1.0.3.tgz#722d7cbfc1f6aa8241f16dd814e011e1f41e8796"
  integrity sha512-f2dvO0VU6Oej7RkWJGrehjbzMAjFp5/VKPp5tTpWIV4JHHZK1/BxbFRtf/siA2SWTe09caDmVtYYzWEIbBS4zw==
  dependencies:
    function-bind "^1.1.1"

he@^1.2.0:
  version "1.2.0"
  resolved "https://registry.yarnpkg.com/he/-/he-1.2.0.tgz#84ae65fa7eafb165fddb61566ae14baf05664f0f"
  integrity sha512-F/1DnUGPopORZi0ni+CvrCgHQ5FyEAHRLSApuYWMmrbSwoN2Mn/7k+Gl38gJnR7yyDZk6WLXwiGod1JOWNDKGw==

html-encoding-sniffer@^3.0.0:
  version "3.0.0"
  resolved "https://registry.yarnpkg.com/html-encoding-sniffer/-/html-encoding-sniffer-3.0.0.tgz#2cb1a8cf0db52414776e5b2a7a04d5dd98158de9"
  integrity sha512-oWv4T4yJ52iKrufjnyZPkrN0CH3QnrUqdB6In1g5Fe1mia8GmF36gnfNySxoZtxD5+NmYw1EElVXiBk93UeskA==
  dependencies:
    whatwg-encoding "^2.0.0"

http-proxy@^1.18.1:
  version "1.18.1"
  resolved "https://registry.yarnpkg.com/http-proxy/-/http-proxy-1.18.1.tgz#401541f0534884bbf95260334e72f88ee3976549"
  integrity sha512-7mz/721AbnJwIVbnaSv1Cz3Am0ZLT/UBwkC92VlxhXv/k/BBQfM2fXElQNC27BVGr0uwUpplYPQM9LnaBMR5NQ==
  dependencies:
    eventemitter3 "^4.0.0"
    follow-redirects "^1.0.0"
    requires-port "^1.0.0"

http-server@^14.1.1:
  version "14.1.1"
  resolved "https://registry.yarnpkg.com/http-server/-/http-server-14.1.1.tgz#d60fbb37d7c2fdff0f0fbff0d0ee6670bd285e2e"
  integrity sha512-+cbxadF40UXd9T01zUHgA+rlo2Bg1Srer4+B4NwIHdaGxAGGv59nYRnGGDJ9LBk7alpS0US+J+bLLdQOOkJq4A==
  dependencies:
    basic-auth "^2.0.1"
    chalk "^4.1.2"
    corser "^2.0.1"
    he "^1.2.0"
    html-encoding-sniffer "^3.0.0"
    http-proxy "^1.18.1"
    mime "^1.6.0"
    minimist "^1.2.6"
    opener "^1.5.1"
    portfinder "^1.0.28"
    secure-compare "3.0.1"
    union "~0.5.0"
    url-join "^4.0.1"

iconv-lite@0.6.3:
  version "0.6.3"
  resolved "https://registry.yarnpkg.com/iconv-lite/-/iconv-lite-0.6.3.tgz#a52f80bf38da1952eb5c681790719871a1a72501"
  integrity sha512-4fCk79wshMdzMp2rH06qWrJE4iolqLhCUH+OiuIgU++RB0+94NlDL81atO7GX55uUKueo0txHNtvEyI6D7WdMw==
  dependencies:
    safer-buffer ">= 2.1.2 < 3.0.0"

"js-tokens@^3.0.0 || ^4.0.0":
  version "4.0.0"
  resolved "https://registry.yarnpkg.com/js-tokens/-/js-tokens-4.0.0.tgz#19203fb59991df98e3a287050d4647cdeaf32499"
  integrity sha512-RdJUflcE3cUzKiMqQgsCu06FPu9UdIJO0beYbPhHN4k6apgJtifcoCtT9bcxOpYBtpD2kCM6Sbzg4CausW/PKQ==

lodash@^4.17.14:
  version "4.17.21"
  resolved "https://registry.yarnpkg.com/lodash/-/lodash-4.17.21.tgz#679591c564c3bffaae8454cf0b3df370c3d6911c"
  integrity sha512-v2kDEe57lecTulaDIuNTPy3Ry4gLGJ6Z1O3vE1krgXZNrsQ+LFTGHVxVjcXPs17LhbZVGedAJv8XZ1tvj5FvSg==

loose-envify@^1.1.0:
  version "1.4.0"
  resolved "https://registry.yarnpkg.com/loose-envify/-/loose-envify-1.4.0.tgz#71ee51fa7be4caec1a63839f7e682d8132d30caf"
  integrity sha512-lyuxPGr/Wfhrlem2CL/UcnUc1zcqKAImBDzukY7Y5F/yQiNdko6+fRLevlw1HgMySw7f611UIY408EtxRSoK3Q==
  dependencies:
    js-tokens "^3.0.0 || ^4.0.0"

mime@^1.6.0:
  version "1.6.0"
  resolved "https://registry.yarnpkg.com/mime/-/mime-1.6.0.tgz#32cd9e5c64553bd58d19a568af452acff04981b1"
  integrity sha512-x0Vn8spI+wuJ1O6S7gnbaQg8Pxh4NNHb7KSINmEWKiPE4RKOplvijn+NkmYmmRgP68mc70j2EbeTFRsrswaQeg==

minimist@^1.2.6:
  version "1.2.7"
  resolved "https://registry.yarnpkg.com/minimist/-/minimist-1.2.7.tgz#daa1c4d91f507390437c6a8bc01078e7000c4d18"
  integrity sha512-bzfL1YUZsP41gmu/qjrEk0Q6i2ix/cVeAhbCbqH9u3zYutS1cLg00qhrD0M2MVdCcx4Sc0UpP2eBWo9rotpq6g==

mkdirp@^0.5.6:
  version "0.5.6"
  resolved "https://registry.yarnpkg.com/mkdirp/-/mkdirp-0.5.6.tgz#7def03d2432dcae4ba1d611445c48396062255f6"
  integrity sha512-FP+p8RB8OWpF3YZBCrP5gtADmtXApB5AMLn+vdyA+PyxCjrCs00mjyUozssO33cwDeT3wNGdLxJ5M//YqtHAJw==
  dependencies:
    minimist "^1.2.6"

ms@^2.1.1:
  version "2.1.3"
  resolved "https://registry.yarnpkg.com/ms/-/ms-2.1.3.tgz#574c8138ce1d2b5861f0b44579dbadd60c6615b2"
  integrity sha512-6FlzubTLZG3J2a/NVCAleEhjzq5oxgHyaCU9yYXvcLsvoVaHJq/s5xXI6/XXP6tz7R9xAOtHnSO/tXtF3WRTlA==

object-inspect@^1.9.0:
  version "1.12.2"
  resolved "https://registry.yarnpkg.com/object-inspect/-/object-inspect-1.12.2.tgz#c0641f26394532f28ab8d796ab954e43c009a8ea"
  integrity sha512-z+cPxW0QGUp0mcqcsgQyLVRDoXFQbXOwBaqyF7VIgI4TWNQsDHrBpUQslRmIfAoYWdYzs6UlKJtB2XJpTaNSpQ==

opener@^1.5.1:
  version "1.5.2"
  resolved "https://registry.yarnpkg.com/opener/-/opener-1.5.2.tgz#5d37e1f35077b9dcac4301372271afdeb2a13598"
  integrity sha512-ur5UIdyw5Y7yEj9wLzhqXiy6GZ3Mwx0yGI+5sMn2r0N0v3cKJvUmFH5yPP+WXh9e0xfyzyJX95D8l088DNFj7A==

portfinder@^1.0.28:
  version "1.0.32"
  resolved "https://registry.yarnpkg.com/portfinder/-/portfinder-1.0.32.tgz#2fe1b9e58389712429dc2bea5beb2146146c7f81"
  integrity sha512-on2ZJVVDXRADWE6jnQaX0ioEylzgBpQk8r55NE4wjXW1ZxO+BgDlY6DXwj20i0V8eB4SenDQ00WEaxfiIQPcxg==
  dependencies:
    async "^2.6.4"
    debug "^3.2.7"
    mkdirp "^0.5.6"

qs@^6.4.0:
  version "6.11.0"
  resolved "https://registry.yarnpkg.com/qs/-/qs-6.11.0.tgz#fd0d963446f7a65e1367e01abd85429453f0c37a"
  integrity sha512-MvjoMCJwEarSbUYk5O+nmoSzSutSsTwF85zcHPQ9OrlFoZOYIjaqBAJIqIXjptyD5vThxGq52Xu/MaJzRkIk4Q==
  dependencies:
    side-channel "^1.0.4"

react-dom@^18.2.0:
  version "18.2.0"
  resolved "https://registry.yarnpkg.com/react-dom/-/react-dom-18.2.0.tgz#22aaf38708db2674ed9ada224ca4aa708d821e3d"
  integrity sha512-6IMTriUmvsjHUjNtEDudZfuDQUoWXVxKHhlEGSk81n4YFS+r/Kl99wXiwlVXtPBtJenozv2P+hxDsw9eA7Xo6g==
  dependencies:
    loose-envify "^1.1.0"
    scheduler "^0.23.0"

react-router-dom@^6.6.1:
  version "6.6.1"
  resolved "https://registry.yarnpkg.com/react-router-dom/-/react-router-dom-6.6.1.tgz#1b96ec0b2cefa7319f1251383ea5b41295ee260d"
  integrity sha512-u+8BKUtelStKbZD5UcY0NY90WOzktrkJJhyhNg7L0APn9t1qJNLowzrM9CHdpB6+rcPt6qQrlkIXsTvhuXP68g==
  dependencies:
    "@remix-run/router" "1.2.1"
    react-router "6.6.1"

react-router@6.6.1:
  version "6.6.1"
  resolved "https://registry.yarnpkg.com/react-router/-/react-router-6.6.1.tgz#17de6cf285f2d1c9721a3afca999c984e5558854"
  integrity sha512-YkvlYRusnI/IN0kDtosUCgxqHeulN5je+ew8W+iA1VvFhf86kA+JEI/X/8NqYcr11hCDDp906S+SGMpBheNeYQ==
  dependencies:
    "@remix-run/router" "1.2.1"

react@^18.2.0:
  version "18.2.0"
  resolved "https://registry.yarnpkg.com/react/-/react-18.2.0.tgz#555bd98592883255fa00de14f1151a917b5d77d5"
  integrity sha512-/3IjMdb2L9QbBdWiW5e3P2/npwMBaU9mHCSCUzNln0ZCYbcfTsGbTJrU/kGemdH2IWmB2ioZ+zkxtmq6g09fGQ==
  dependencies:
    loose-envify "^1.1.0"

requires-port@^1.0.0:
  version "1.0.0"
  resolved "https://registry.yarnpkg.com/requires-port/-/requires-port-1.0.0.tgz#925d2601d39ac485e091cf0da5c6e694dc3dcaff"
  integrity sha512-KigOCHcocU3XODJxsu8i/j8T9tzT4adHiecwORRQ0ZZFcp7ahwXuRU1m+yuO90C5ZUyGeGfocHDI14M3L3yDAQ==

safe-buffer@5.1.2:
  version "5.1.2"
  resolved "https://registry.yarnpkg.com/safe-buffer/-/safe-buffer-5.1.2.tgz#991ec69d296e0313747d59bdfd2b745c35f8828d"
  integrity sha512-Gd2UZBJDkXlY7GbJxfsE8/nvKkUEU1G38c1siN6QP6a9PT9MmHB8GnpscSmMJSoF8LOIrt8ud/wPtojys4G6+g==

"safer-buffer@>= 2.1.2 < 3.0.0":
  version "2.1.2"
  resolved "https://registry.yarnpkg.com/safer-buffer/-/safer-buffer-2.1.2.tgz#44fa161b0187b9549dd84bb91802f9bd8385cd6a"
  integrity sha512-YZo3K82SD7Riyi0E1EQPojLz7kpepnSQI9IyPbHHg1XXXevb5dJI7tpyN2ADxGcQbHG7vcyRHk0cbwqcQriUtg==

scheduler@^0.23.0:
  version "0.23.0"
  resolved "https://registry.yarnpkg.com/scheduler/-/scheduler-0.23.0.tgz#ba8041afc3d30eb206a487b6b384002e4e61fdfe"
  integrity sha512-CtuThmgHNg7zIZWAXi3AsyIzA3n4xx7aNyjwC2VJldO2LMVDhFK+63xGqq6CsJH4rTAt6/M+N4GhZiDYPx9eUw==
  dependencies:
    loose-envify "^1.1.0"

secure-compare@3.0.1:
  version "3.0.1"
  resolved "https://registry.yarnpkg.com/secure-compare/-/secure-compare-3.0.1.tgz#f1a0329b308b221fae37b9974f3d578d0ca999e3"
  integrity sha512-AckIIV90rPDcBcglUwXPF3kg0P0qmPsPXAj6BBEENQE1p5yA1xfmDJzfi1Tappj37Pv2mVbKpL3Z1T+Nn7k1Qw==

side-channel@^1.0.4:
  version "1.0.4"
  resolved "https://registry.yarnpkg.com/side-channel/-/side-channel-1.0.4.tgz#efce5c8fdc104ee751b25c58d4290011fa5ea2cf"
  integrity sha512-q5XPytqFEIKHkGdiMIrY10mvLRvnQh42/+GoBlFW3b2LXLE2xxJpZFdm94we0BaoV3RwJyGqg5wS7epxTv0Zvw==
  dependencies:
    call-bind "^1.0.0"
    get-intrinsic "^1.0.2"
    object-inspect "^1.9.0"

supports-color@^7.1.0:
  version "7.2.0"
  resolved "https://registry.yarnpkg.com/supports-color/-/supports-color-7.2.0.tgz#1b7dcdcb32b8138801b3e478ba6a51caa89648da"
  integrity sha512-qpCAvRl9stuOHveKsn7HncJRvv501qIacKzQlO/+Lwxc9+0q2wLyv4Dfvt80/DPn2pqOBsJdDiogXGR9+OvwRw==
  dependencies:
    has-flag "^4.0.0"

union@~0.5.0:
  version "0.5.0"
  resolved "https://registry.yarnpkg.com/union/-/union-0.5.0.tgz#b2c11be84f60538537b846edb9ba266ba0090075"
  integrity sha512-N6uOhuW6zO95P3Mel2I2zMsbsanvvtgn6jVqJv4vbVcz/JN0OkL9suomjQGmWtxJQXOCqUJvquc1sMeNz/IwlA==
  dependencies:
    qs "^6.4.0"

url-join@^4.0.1:
  version "4.0.1"
  resolved "https://registry.yarnpkg.com/url-join/-/url-join-4.0.1.tgz#b642e21a2646808ffa178c4c5fda39844e12cde7"
  integrity sha512-jk1+QP6ZJqyOiuEI9AEWQfju/nB2Pw466kbA0LEZljHwKeMgd9WrAEgEGxjPDD2+TNbbb37rTyhEfrCXfuKXnA==

whatwg-encoding@^2.0.0:
  version "2.0.0"
  resolved "https://registry.yarnpkg.com/whatwg-encoding/-/whatwg-encoding-2.0.0.tgz#e7635f597fd87020858626805a2729fa7698ac53"
  integrity sha512-p41ogyeMUrw3jWclHWTQg1k05DSVXPLcVxRTYsXUk+ZooOCZLcoYgPZ/HL/D/N+uQPOtcp1me1WhBEaX02mhWg==
  dependencies:
    iconv-lite "0.6.3"
